{
  "name": "openbao-ci-tools",
  "lockfileVersion": 3,
  "requires": true,
  "packages": {
    "": {
      "name": "openbao-ci-tools",
      "devDependencies": {
        "@ast-grep/cli": "0.41.1"
      }
    },
    "node_modules/@ast-grep/cli": {
      "version": "0.41.1",
      "resolved": "https://registry.npmjs.org/@ast-grep/cli/-/cli-0.41.1.tgz",
      "integrity": "sha512-6oSuzF1Ra0d9jdcmflRIR1DHcicI7TYVxaaV/hajV51J49r6C+1BA2H9G+e47lH4sDEXUS9KWLNGNvXa/Gqs5A==",
      "dev": true,
      "hasInstallScript": true,
      "dependencies": {
        "detect-libc": "2.1.2"
      },
      "bin": {
        "ast-grep": "ast-grep",
        "sg": "sg"
      },
      "engines": {
        "node": ">= 12.0.0"
      },
      "optionalDependencies": {
        "@ast-grep/cli-darwin-arm64": "0.41.1",
        "@ast-grep/cli-darwin-x64": "0.41.1",
        "@ast-grep/cli-linux-arm64-gnu": "0.41.1",
        "@ast-grep/cli-linux-x64-gnu": "0.41.1",
        "@ast-grep/cli-win32-arm64-msvc": "0.41.1",
        "@ast-grep/cli-win32-ia32-msvc": "0.41.1",
        "@ast-grep/cli-win32-x64-msvc": "0.41.1"
      }
    },
    "node_modules/@ast-grep/cli-darwin-arm64": {
      "version": "0.41.1",
      "resolved": "https://registry.npmjs.org/@ast-grep/cli-darwin-arm64/-/cli-darwin-arm64-0.41.1.tgz",
      "integrity": "sha512-30lrXtyDB+16WS89Bk8sufA5TVUczyQye4PoIYLxZr+PRbPW7thpxHwBwGWL6QvPvUtlElrCe4seA1CEwFxeFA==",
      "cpu": [
        "arm64"
      ],
      "dev": true,
      "license": "MIT",
      "optional": true,
      "os": [
        "darwin"
      ],
      "engines": {
        "node": ">= 10"
      }
    },
    "node_modules/@ast-grep/cli-darwin-x64": {
      "version": "0.41.1",
      "resolved": "https://registry.npmjs.org/@ast-grep/cli-darwin-x64/-/cli-darwin-x64-0.41.1.tgz",
      "integrity": "sha512-jRft57aWRgqYgLXooWxS9Nx5mb5JJ/KQIwEqacWkcmDZEdEui7oG50//6y4/vU5WRcS1n6oB2Vs7WBvTh3/Ypg==",
      "cpu": [
        "x64"
      ],
      "dev": true,
      "license": "MIT",
      "optional": true,
      "os": [
        "darwin"
      ],
      "engines": {
        "node": ">= 10"
      }
    },
    "node_modules/@ast-grep/cli-linux-arm64-gnu": {
      "version": "0.41.1",
      "resolved": "https://registry.npmjs.org/@ast-grep/cli-linux-arm64-gnu/-/cli-linux-arm64-gnu-0.41.1.tgz",
      "integrity": "sha512-1XUL+8u+Xs1FoM2W6F4v8pRa2aQQcp5CZXBG8uy9n8FhwsQtrhBclJ2Vr9g/zzswHQT1293mnP5TOk1wlYZq6w==",
      "cpu": [
        "arm64"
      ],
      "dev": true,
      "license": "MIT",
      "optional": true,
      "os": [
        "linux"
      ],
      "engines": {
        "node": ">= 10"
      }
    },
    "node_modules/@ast-grep/cli-linux-x64-gnu": {
      "version": "0.41.1",
      "resolved": "https://registry.npmjs.org/@ast-grep/cli-linux-x64-gnu/-/cli-linux-x64-gnu-0.41.1.tgz",
      "integrity": "sha512-oSsbXzbcl4hnRAw7b1bTFZapx9s+O8ToJJKI44oJAb7xKIG3Rubn2IMBOFvMvjjWEEax8PpS2IocgdB8nUAcbA==",
      "cpu": [
        "x64"
      ],
      "dev": true,
      "license": "MIT",
      "optional": true,
      "os": [
        "linux"
      ],
      "engines": {
        "node": ">= 10"
      }
    },
    "node_modules/@ast-grep/cli-win32-arm64-msvc": {
      "version": "0.41.1",
      "resolved": "https://registry.npmjs.org/@ast-grep/cli-win32-arm64-msvc/-/cli-win32-arm64-msvc-0.41.1.tgz",
      "integrity": "sha512-jTMNqjXnQUhInMB1X06sxWZJv/6pd4/iYSyk8RR5kdulnuNzoGEB9KYbm6ojxktPtMfZpb+7eShQLqqy/dG6Ag==",
      "cpu": [
        "arm64"
      ],
      "dev": true,
      "license": "MIT",
      "optional": true,
      "os": [
        "win32"
      ],
      "engines": {
        "node": ">= 10"
      }
    },
    "node_modules/@ast-grep/cli-win32-ia32-msvc": {
      "version": "0.41.1",
      "resolved": "https://registry.npmjs.org/@ast-grep/cli-win32-ia32-msvc/-/cli-win32-ia32-msvc-0.41.1.tgz",
      "integrity": "sha512-mCTyr6/KQneKk0iYaWup4ywW5buNcFqL6TrJVfU0tkd38fu/RtJ5zywr978vVvFxsY+urRU0qkrmtQqXQNwDFA==",
      "cpu": [
        "ia32"
      ],
      "dev": true,
      "license": "MIT",
      "optional": true,
      "os": [
        "win32"
      ],
      "engines": {
        "node": ">= 10"
      }
    },
    "node_modules/@ast-grep/cli-win32-x64-msvc": {
      "version": "0.41.1",
      "resolved": "https://registry.npmjs.org/@ast-grep/cli-win32-x64-msvc/-/cli-win32-x64-msvc-0.41.1.tgz",
      "integrity": "sha512-AUbR67UKWsfgyy3SWQq258ZB0xSlaAe15Gl5hPu5tbUu4HTt6rKrUCTEEubYgbNdPPZWtxjobjFjMsDTWfnrug==",
      "cpu": [
        "x64"
      ],
      "dev": true,
      "license": "MIT",
      "optional": true,
      "os": [
        "win32"
      ],
      "engines": {
        "node": ">= 10"
      }
    },
    "node_modules/detect-libc": {
      "version": "2.1.2",
      "resolved": "https://registry.npmjs.org/detect-libc/-/detect-libc-2.1.2.tgz",
      "integrity": "sha512-Btj2BOOO83o3WyH59e8MgXsxEQVcarkUOpEYrubB0urwnN10yQ364rsiByU11nZlqWYZm05i/of7io4mzihBtQ==",
      "dev": true,
      "license": "Apache-2.0",
      "engines": {
        "node": ">=8"
      }
    }
  }
}
